
Microsoft Visual Studio Solution File, Format Version 12.00
# Visual Studio Version 17
VisualStudioVersion = 17.14.36623.8
MinimumVisualStudioVersion = 10.0.40219.1
Project("{FAE04EC0-301F-11D3-BF4B-00C04F79EFBC}") = "FrogManagement", "FrogManagement\FrogManagement.csproj", "{C6543285-5C8F-4DE2-A9E5-BAB140D9E18C}"
EndProject
Global
	GlobalSection(SolutionConfigurationPlatforms) = preSolution
		Debug|Any CPU = Debug|Any CPU
		Release|Any CPU = Release|Any CPU
	EndGlobalSection
	GlobalSection(ProjectConfigurationPlatforms) = postSolution
		{C6543285-5C8F-4DE2-A9E5-BAB140D9E18C}.Debug|Any CPU.ActiveCfg = Debug|Any CPU
		{C6543285-5C8F-4DE2-A9E5-BAB140D9E18C}.Debug|Any CPU.Build.0 = Debug|Any CPU
		{C6543285-5C8F-4DE2-A9E5-BAB140D9E18C}.Release|Any CPU.ActiveCfg = Release|Any CPU
		{C6543285-5C8F-4DE2-A9E5-BAB140D9E18C}.Release|Any CPU.Build.0 = Release|Any CPU
	EndGlobalSection
	GlobalSection(SolutionProperties) = preSolution
		HideSolutionNode = FALSE
	EndGlobalSection
	GlobalSection(ExtensibilityGlobals) = postSolution
		SolutionGuid = {E50214EF-3E3F-4150-9BD7-5A4E48A64090}
	EndGlobalSection
EndGlobal
